
Microsoft Visual Studio Solution File, Format Version 12.00
# Visual Studio Version 17
VisualStudioVersion = 17.7.34031.279
MinimumVisualStudioVersion = 10.0.40219.1
Project("{FAE04EC0-301F-11D3-BF4B-00C04F79EFBC}") = "LibraryManagementProject", "LibraryManagementProject\LibraryManagementProject.csproj", "{E3FCC8DA-4EDB-4570-AF30-D5B7A4953962}"
EndProject
Global
	GlobalSection(SolutionConfigurationPlatforms) = preSolution
		Debug|Any CPU = Debug|Any CPU
		Release|Any CPU = Release|Any CPU
	EndGlobalSection
	GlobalSection(ProjectConfigurationPlatforms) = postSolution
		{E3FCC8DA-4EDB-4570-AF30-D5B7A4953962}.Debug|Any CPU.ActiveCfg = Debug|Any CPU
		{E3FCC8DA-4EDB-4570-AF30-D5B7A4953962}.Debug|Any CPU.Build.0 = Debug|Any CPU
		{E3FCC8DA-4EDB-4570-AF30-D5B7A4953962}.Release|Any CPU.ActiveCfg = Release|Any CPU
		{E3FCC8DA-4EDB-4570-AF30-D5B7A4953962}.Release|Any CPU.Build.0 = Release|Any CPU
	EndGlobalSection
	GlobalSection(SolutionProperties) = preSolution
		HideSolutionNode = FALSE
	EndGlobalSection
	GlobalSection(ExtensibilityGlobals) = postSolution
		SolutionGuid = {1B2F2EA6-BD83-4E3D-9D80-3548B88370EF}
	EndGlobalSection
EndGlobal
